PODS:
  - Alamofire (5.8.1)
  - AuthCoreAdapter (1.3.4):
    - ConnectCommon
    - ParticleAuthCore
  - AWSCore (2.33.8)
  - AWSKMS (2.33.8):
    - AWSCore (= 2.33.8)
  - Base58.swift (1.0.2):
    - BigInt
  - BigInt (5.2.0)
  - boost (1.76.0)
  - ConnectCommon (0.2.15):
    - BigInt (~> 5.2.0)
    - ParticleNetworkBase
    - RxAlamofire (~> 6.1.1)
    - secp256k1.swift (~> 0.1)
    - SwiftyJSON (~> 5.0)
    - TweetNacl
  - ConnectEVMAdapter (0.2.15):
    - BigInt (~> 5.2.0)
    - ConnectCommon
    - CryptoSwift
    - RxAlamofire (~> 6.1.1)
    - SwiftyUserDefaults (~> 5.3.0)
  - ConnectPhantomAdapter (0.2.15):
    - ConnectCommon
    - RxAlamofire (~> 6.1.1)
    - SwiftyJSON (~> 5.0)
    - SwiftyUserDefaults (~> 5.3.0)
    - TweetNacl
  - ConnectSolanaAdapter (0.2.15):
    - ConnectCommon
    - RxAlamofire (~> 6.1.1)
    - secp256k1.swift (~> 0.1)
    - SwiftyUserDefaults (~> 5.3.0)
    - TweetNacl
  - ConnectWalletConnectAdapter (0.2.15):
    - ConnectCommon
    - SDWebImage
    - SDWebImageWebPCoder
    - SnapKit
    - Starscream (= 3.1.1)
    - SwiftMessages
    - WalletConnectSwiftV2 (= 1.9.1)
  - CryptoSwift (1.8.0)
  - DoubleConversion (1.1.6)
  - FBLazyVector (0.72.3)
  - FBReactNativeSpec (0.72.3):
    - RCT-Folly (= 2021.07.22.00)
    - RCTRequired (= 0.72.3)
    - RCTTypeSafety (= 0.72.3)
    - React-Core (= 0.72.3)
    - React-jsi (= 0.72.3)
    - ReactCommon/turbomodule/core (= 0.72.3)
  - fmt (6.2.1)
  - glog (0.3.5)
  - GLTFSceneKit (0.3.0)
  - GRDB.swift (6.16.0):
    - GRDB.swift/standard (= 6.16.0)
  - GRDB.swift/standard (6.16.0)
  - JXPagingView/Paging (2.1.2)
  - JXSegmentedView (1.3.0)
  - libwebp (1.3.2):
    - libwebp/demux (= 1.3.2)
    - libwebp/mux (= 1.3.2)
    - libwebp/sharpyuv (= 1.3.2)
    - libwebp/webp (= 1.3.2)
  - libwebp/demux (1.3.2):
    - libwebp/webp
  - libwebp/mux (1.3.2):
    - libwebp/demux
  - libwebp/sharpyuv (1.3.2)
  - libwebp/webp (1.3.2):
    - libwebp/sharpyuv
  - MJRefresh (3.7.6)
  - ParticleAA (1.3.9):
    - ParticleNetworkBase
  - ParticleAuthAdapter (0.2.15):
    - ConnectCommon
    - ParticleAuthService
  - ParticleAuthCore (1.3.4):
    - AWSKMS
    - ParticleMPCCore
    - ParticleNetworkBase
    - SDWebImage
    - SDWebImageWebPCoder
    - SkeletonView
    - SnapKit
    - SwiftMessages
    - Then
  - ParticleAuthService (1.3.9):
    - CryptoSwift
    - ParticleNetworkBase
    - RxAlamofire (~> 6.1.1)
    - RxCocoa (= 6.6.0)
    - RxSwift (= 6.6.0)
    - SwiftyJSON (~> 5.0)
    - SwiftyUserDefaults (~> 5.3.0)
  - ParticleConnect (0.2.15):
    - ConnectCommon
  - ParticleMPCCore (1.3.4):
    - Base58.swift
    - CryptoSwift
    - SwiftyJSON (~> 5.0)
    - Thresh
  - ParticleNetworkBase (1.3.9):
    - Base58.swift
    - BigInt (~> 5.2.0)
    - CryptoSwift
    - RxAlamofire (~> 6.1.1)
    - RxCocoa (= 6.6.0)
    - RxSwift (= 6.6.0)
    - SwiftyJSON (~> 5.0)
    - SwiftyUserDefaults (~> 5.3.0)
  - ParticleWalletAPI (1.3.9):
    - CryptoSwift
    - GRDB.swift (= 6.16.0)
    - ParticleNetworkBase
    - RxAlamofire (~> 6.1.1)
    - RxCocoa (= 6.6.0)
    - RxSwift (= 6.6.0)
    - SwiftyJSON (~> 5.0)
    - SwiftyUserDefaults (~> 5.3.0)
  - ParticleWalletConnect (1.3.9):
    - ParticleNetworkBase
    - RxAlamofire (~> 6.1.1)
    - RxCocoa (= 6.6.0)
    - RxSwift (= 6.6.0)
    - Starscream (= 3.1.1)
    - SwiftyUserDefaults (~> 5.3.0)
    - WalletConnectSwiftV2 (= 1.9.1)
  - ParticleWalletGUI (1.3.9):
    - GLTFSceneKit
    - JXPagingView/Paging
    - JXSegmentedView
    - MJRefresh (~> 3.7.0)
    - ParticleConnect
    - ParticleWalletAPI
    - ParticleWalletConnect
    - SDWebImage
    - SDWebImageSwiftUI
    - SDWebImageWebPCoder
    - SkeletonView
    - SnapKit
    - SwiftMessages
    - Then
  - RCT-Folly (2021.07.22.00):
    - boost
    - DoubleConversion
    - fmt (~> 6.2.1)
    - glog
    - RCT-Folly/Default (= 2021.07.22.00)
  - RCT-Folly/Default (2021.07.22.00):
    - boost
    - DoubleConversion
    - fmt (~> 6.2.1)
    - glog
  - RCTRequired (0.72.3)
  - RCTTypeSafety (0.72.3):
    - FBLazyVector (= 0.72.3)
    - RCTRequired (= 0.72.3)
    - React-Core (= 0.72.3)
  - React (0.72.3):
    - React-Core (= 0.72.3)
    - React-Core/DevSupport (= 0.72.3)
    - React-Core/RCTWebSocket (= 0.72.3)
    - React-RCTActionSheet (= 0.72.3)
    - React-RCTAnimation (= 0.72.3)
    - React-RCTBlob (= 0.72.3)
    - React-RCTImage (= 0.72.3)
    - React-RCTLinking (= 0.72.3)
    - React-RCTNetwork (= 0.72.3)
    - React-RCTSettings (= 0.72.3)
    - React-RCTText (= 0.72.3)
    - React-RCTVibration (= 0.72.3)
  - React-callinvoker (0.72.3)
  - React-Codegen (0.72.3):
    - DoubleConversion
    - FBReactNativeSpec
    - glog
    - RCT-Folly
    - RCTRequired
    - RCTTypeSafety
    - React-Core
    - React-jsc
    - React-jsi
    - React-jsiexecutor
    - React-NativeModulesApple
    - React-rncore
    - ReactCommon/turbomodule/bridging
    - ReactCommon/turbomodule/core
  - React-Core (0.72.3):
    - glog
    - RCT-Folly (= 2021.07.22.00)
    - React-Core/Default (= 0.72.3)
    - React-cxxreact
    - React-jsc
    - React-jsi
    - React-jsiexecutor
    - React-perflogger
    - React-runtimeexecutor
    - React-utils
    - SocketRocket (= 0.6.1)
    - Yoga
  - React-Core/CoreModulesHeaders (0.72.3):
    - glog
    - RCT-Folly (= 2021.07.22.00)
    - React-Core/Default
    - React-cxxreact
    - React-jsc
    - React-jsi
    - React-jsiexecutor
    - React-perflogger
    - React-runtimeexecutor
    - React-utils
    - SocketRocket (= 0.6.1)
    - Yoga
  - React-Core/Default (0.72.3):
    - glog
    - RCT-Folly (= 2021.07.22.00)
    - React-cxxreact
    - React-jsc
    - React-jsi
    - React-jsiexecutor
    - React-perflogger
    - React-runtimeexecutor
    - React-utils
    - SocketRocket (= 0.6.1)
    - Yoga
  - React-Core/DevSupport (0.72.3):
    - glog
    - RCT-Folly (= 2021.07.22.00)
    - React-Core/Default (= 0.72.3)
    - React-Core/RCTWebSocket (= 0.72.3)
    - React-cxxreact
    - React-jsc
    - React-jsi
    - React-jsiexecutor
    - React-jsinspector (= 0.72.3)
    - React-perflogger
    - React-runtimeexecutor
    - React-utils
    - SocketRocket (= 0.6.1)
    - Yoga
  - React-Core/RCTActionSheetHeaders (0.72.3):
    - glog
    - RCT-Folly (= 2021.07.22.00)
    - React-Core/Default
    - React-cxxreact
    - React-jsc
    - React-jsi
    - React-jsiexecutor
    - React-perflogger
    - React-runtimeexecutor
    - React-utils
    - SocketRocket (= 0.6.1)
    - Yoga
  - React-Core/RCTAnimationHeaders (0.72.3):
    - glog
    - RCT-Folly (= 2021.07.22.00)
    - React-Core/Default
    - React-cxxreact
    - React-jsc
    - React-jsi
    - React-jsiexecutor
    - React-perflogger
    - React-runtimeexecutor
    - React-utils
    - SocketRocket (= 0.6.1)
    - Yoga
  - React-Core/RCTBlobHeaders (0.72.3):
    - glog
    - RCT-Folly (= 2021.07.22.00)
    - React-Core/Default
    - React-cxxreact
    - React-jsc
    - React-jsi
    - React-jsiexecutor
    - React-perflogger
    - React-runtimeexecutor
    - React-utils
    - SocketRocket (= 0.6.1)
    - Yoga
  - React-Core/RCTImageHeaders (0.72.3):
    - glog
    - RCT-Folly (= 2021.07.22.00)
    - React-Core/Default
    - React-cxxreact
    - React-jsc
    - React-jsi
    - React-jsiexecutor
    - React-perflogger
    - React-runtimeexecutor
    - React-utils
    - SocketRocket (= 0.6.1)
    - Yoga
  - React-Core/RCTLinkingHeaders (0.72.3):
    - glog
    - RCT-Folly (= 2021.07.22.00)
    - React-Core/Default
    - React-cxxreact
    - React-jsc
    - React-jsi
    - React-jsiexecutor
    - React-perflogger
    - React-runtimeexecutor
    - React-utils
    - SocketRocket (= 0.6.1)
    - Yoga
  - React-Core/RCTNetworkHeaders (0.72.3):
    - glog
    - RCT-Folly (= 2021.07.22.00)
    - React-Core/Default
    - React-cxxreact
    - React-jsc
    - React-jsi
    - React-jsiexecutor
    - React-perflogger
    - React-runtimeexecutor
    - React-utils
    - SocketRocket (= 0.6.1)
    - Yoga
  - React-Core/RCTSettingsHeaders (0.72.3):
    - glog
    - RCT-Folly (= 2021.07.22.00)
    - React-Core/Default
    - React-cxxreact
    - React-jsc
    - React-jsi
    - React-jsiexecutor
    - React-perflogger
    - React-runtimeexecutor
    - React-utils
    - SocketRocket (= 0.6.1)
    - Yoga
  - React-Core/RCTTextHeaders (0.72.3):
    - glog
    - RCT-Folly (= 2021.07.22.00)
    - React-Core/Default
    - React-cxxreact
    - React-jsc
    - React-jsi
    - React-jsiexecutor
    - React-perflogger
    - React-runtimeexecutor
    - React-utils
    - SocketRocket (= 0.6.1)
    - Yoga
  - React-Core/RCTVibrationHeaders (0.72.3):
    - glog
    - RCT-Folly (= 2021.07.22.00)
    - React-Core/Default
    - React-cxxreact
    - React-jsc
    - React-jsi
    - React-jsiexecutor
    - React-perflogger
    - React-runtimeexecutor
    - React-utils
    - SocketRocket (= 0.6.1)
    - Yoga
  - React-Core/RCTWebSocket (0.72.3):
    - glog
    - RCT-Folly (= 2021.07.22.00)
    - React-Core/Default (= 0.72.3)
    - React-cxxreact
    - React-jsc
    - React-jsi
    - React-jsiexecutor
    - React-perflogger
    - React-runtimeexecutor
    - React-utils
    - SocketRocket (= 0.6.1)
    - Yoga
  - React-CoreModules (0.72.3):
    - RCT-Folly (= 2021.07.22.00)
    - RCTTypeSafety (= 0.72.3)
    - React-Codegen (= 0.72.3)
    - React-Core/CoreModulesHeaders (= 0.72.3)
    - React-jsi (= 0.72.3)
    - React-RCTBlob
    - React-RCTImage (= 0.72.3)
    - ReactCommon/turbomodule/core (= 0.72.3)
    - SocketRocket (= 0.6.1)
  - React-cxxreact (0.72.3):
    - boost (= 1.76.0)
    - DoubleConversion
    - glog
    - RCT-Folly (= 2021.07.22.00)
    - React-callinvoker (= 0.72.3)
    - React-debug (= 0.72.3)
    - React-jsi (= 0.72.3)
    - React-jsinspector (= 0.72.3)
    - React-logger (= 0.72.3)
    - React-perflogger (= 0.72.3)
    - React-runtimeexecutor (= 0.72.3)
  - React-debug (0.72.3)
  - React-jsc (0.72.3):
    - React-jsc/Fabric (= 0.72.3)
    - React-jsi (= 0.72.3)
  - React-jsc/Fabric (0.72.3):
    - React-jsi (= 0.72.3)
  - React-jsi (0.72.3):
    - boost (= 1.76.0)
    - DoubleConversion
    - glog
    - RCT-Folly (= 2021.07.22.00)
  - React-jsiexecutor (0.72.3):
    - DoubleConversion
    - glog
    - RCT-Folly (= 2021.07.22.00)
    - React-cxxreact (= 0.72.3)
    - React-jsi (= 0.72.3)
    - React-perflogger (= 0.72.3)
  - React-jsinspector (0.72.3)
  - React-logger (0.72.3):
    - glog
  - react-native-particle-auth (1.3.6):
    - ParticleAuthService
    - ParticleNetworkBase
    - React-Core
  - react-native-particle-auth-core (1.3.6):
    - AuthCoreAdapter
    - ParticleAuthCore
    - ParticleMPCCore
    - React-Core
    - Thresh
  - react-native-particle-connect (1.3.6):
    - ConnectCommon
    - ConnectEVMAdapter
    - ConnectPhantomAdapter
    - ConnectSolanaAdapter
    - ConnectWalletConnectAdapter
    - ParticleAuthAdapter
    - ParticleConnect
    - React-Core
  - react-native-particle-wallet (1.3.6):
    - ParticleWalletGUI
    - React-Core
  - react-native-safe-area-context (4.7.1):
    - React-Core
  - React-NativeModulesApple (0.72.3):
    - React-callinvoker
    - React-Core
    - React-cxxreact
    - React-jsi
    - React-runtimeexecutor
    - ReactCommon/turbomodule/bridging
    - ReactCommon/turbomodule/core
  - React-perflogger (0.72.3)
  - React-RCTActionSheet (0.72.3):
    - React-Core/RCTActionSheetHeaders (= 0.72.3)
  - React-RCTAnimation (0.72.3):
    - RCT-Folly (= 2021.07.22.00)
    - RCTTypeSafety (= 0.72.3)
    - React-Codegen (= 0.72.3)
    - React-Core/RCTAnimationHeaders (= 0.72.3)
    - React-jsi (= 0.72.3)
    - ReactCommon/turbomodule/core (= 0.72.3)
  - React-RCTAppDelegate (0.72.3):
    - RCT-Folly
    - RCTRequired
    - RCTTypeSafety
    - React-Core
    - React-CoreModules
    - React-jsc
    - React-NativeModulesApple
    - React-RCTImage
    - React-RCTNetwork
    - React-runtimescheduler
    - ReactCommon/turbomodule/core
  - React-RCTBlob (0.72.3):
    - RCT-Folly (= 2021.07.22.00)
    - React-Codegen (= 0.72.3)
    - React-Core/RCTBlobHeaders (= 0.72.3)
    - React-Core/RCTWebSocket (= 0.72.3)
    - React-jsi (= 0.72.3)
    - React-RCTNetwork (= 0.72.3)
    - ReactCommon/turbomodule/core (= 0.72.3)
  - React-RCTImage (0.72.3):
    - RCT-Folly (= 2021.07.22.00)
    - RCTTypeSafety (= 0.72.3)
    - React-Codegen (= 0.72.3)
    - React-Core/RCTImageHeaders (= 0.72.3)
    - React-jsi (= 0.72.3)
    - React-RCTNetwork (= 0.72.3)
    - ReactCommon/turbomodule/core (= 0.72.3)
  - React-RCTLinking (0.72.3):
    - React-Codegen (= 0.72.3)
    - React-Core/RCTLinkingHeaders (= 0.72.3)
    - React-jsi (= 0.72.3)
    - ReactCommon/turbomodule/core (= 0.72.3)
  - React-RCTNetwork (0.72.3):
    - RCT-Folly (= 2021.07.22.00)
    - RCTTypeSafety (= 0.72.3)
    - React-Codegen (= 0.72.3)
    - React-Core/RCTNetworkHeaders (= 0.72.3)
    - React-jsi (= 0.72.3)
    - ReactCommon/turbomodule/core (= 0.72.3)
  - React-RCTSettings (0.72.3):
    - RCT-Folly (= 2021.07.22.00)
    - RCTTypeSafety (= 0.72.3)
    - React-Codegen (= 0.72.3)
    - React-Core/RCTSettingsHeaders (= 0.72.3)
    - React-jsi (= 0.72.3)
    - ReactCommon/turbomodule/core (= 0.72.3)
  - React-RCTText (0.72.3):
    - React-Core/RCTTextHeaders (= 0.72.3)
  - React-RCTVibration (0.72.3):
    - RCT-Folly (= 2021.07.22.00)
    - React-Codegen (= 0.72.3)
    - React-Core/RCTVibrationHeaders (= 0.72.3)
    - React-jsi (= 0.72.3)
    - ReactCommon/turbomodule/core (= 0.72.3)
  - React-rncore (0.72.3)
  - React-runtimeexecutor (0.72.3):
    - React-jsi (= 0.72.3)
  - React-runtimescheduler (0.72.3):
    - glog
    - RCT-Folly (= 2021.07.22.00)
    - React-callinvoker
    - React-debug
    - React-jsi
    - React-runtimeexecutor
  - React-utils (0.72.3):
    - glog
    - RCT-Folly (= 2021.07.22.00)
    - React-debug
  - ReactCommon/turbomodule/bridging (0.72.3):
    - DoubleConversion
    - glog
    - RCT-Folly (= 2021.07.22.00)
    - React-callinvoker (= 0.72.3)
    - React-cxxreact (= 0.72.3)
    - React-jsi (= 0.72.3)
    - React-logger (= 0.72.3)
    - React-perflogger (= 0.72.3)
  - ReactCommon/turbomodule/core (0.72.3):
    - DoubleConversion
    - glog
    - RCT-Folly (= 2021.07.22.00)
    - React-callinvoker (= 0.72.3)
    - React-cxxreact (= 0.72.3)
    - React-jsi (= 0.72.3)
    - React-logger (= 0.72.3)
    - React-perflogger (= 0.72.3)
  - RNScreens (3.23.0):
    - React-Core
    - React-RCTImage
  - RxAlamofire (6.1.1):
    - RxAlamofire/Core (= 6.1.1)
  - RxAlamofire/Core (6.1.1):
    - Alamofire (~> 5.4)
    - RxSwift (~> 6.0)
  - RxCocoa (6.6.0):
    - RxRelay (= 6.6.0)
    - RxSwift (= 6.6.0)
  - RxRelay (6.6.0):
    - RxSwift (= 6.6.0)
  - RxSwift (6.6.0)
  - SDWebImage (5.18.8):
    - SDWebImage/Core (= 5.18.8)
  - SDWebImage/Core (5.18.8)
  - SDWebImageSwiftUI (2.2.6):
    - SDWebImage (~> 5.10)
  - SDWebImageWebPCoder (0.14.2):
    - libwebp (~> 1.0)
    - SDWebImage/Core (~> 5.17)
  - secp256k1.swift (0.1.4)
  - SkeletonView (1.30.4)
  - SnapKit (5.6.0)
  - SocketRocket (0.6.1)
  - Starscream (3.1.1)
  - SwiftMessages (9.0.9):
    - SwiftMessages/App (= 9.0.9)
  - SwiftMessages/App (9.0.9)
  - SwiftyJSON (5.0.1)
  - SwiftyUserDefaults (5.3.0)
  - Then (3.0.0)
  - Thresh (1.3.4)
  - TweetNacl (1.0.2)
  - WalletConnectSwiftV2 (1.9.1):
    - WalletConnectSwiftV2/WalletConnect (= 1.9.1)
  - WalletConnectSwiftV2/Commons (1.9.1)
  - WalletConnectSwiftV2/HTTPClient (1.9.1)
  - WalletConnectSwiftV2/JSONRPC (1.9.1):
    - WalletConnectSwiftV2/Commons
  - WalletConnectSwiftV2/WalletConnect (1.9.1):
    - WalletConnectSwiftV2/WalletConnectAuth
    - WalletConnectSwiftV2/WalletConnectPush
    - WalletConnectSwiftV2/WalletConnectSign
    - WalletConnectSwiftV2/WalletConnectVerify
  - WalletConnectSwiftV2/WalletConnectAuth (1.9.1):
    - WalletConnectSwiftV2/WalletConnectPairing
    - WalletConnectSwiftV2/WalletConnectSigner
    - WalletConnectSwiftV2/WalletConnectVerify
  - WalletConnectSwiftV2/WalletConnectJWT (1.9.1):
    - WalletConnectSwiftV2/WalletConnectKMS
  - WalletConnectSwiftV2/WalletConnectKMS (1.9.1):
    - WalletConnectSwiftV2/WalletConnectUtils
  - WalletConnectSwiftV2/WalletConnectNetworking (1.9.1):
    - WalletConnectSwiftV2/HTTPClient
    - WalletConnectSwiftV2/WalletConnectRelay
  - WalletConnectSwiftV2/WalletConnectPairing (1.9.1):
    - WalletConnectSwiftV2/WalletConnectNetworking
  - WalletConnectSwiftV2/WalletConnectPush (1.9.1):
    - WalletConnectSwiftV2/WalletConnectJWT
    - WalletConnectSwiftV2/WalletConnectNetworking
  - WalletConnectSwiftV2/WalletConnectRelay (1.9.1):
    - WalletConnectSwiftV2/WalletConnectJWT
  - WalletConnectSwiftV2/WalletConnectSign (1.9.1):
    - WalletConnectSwiftV2/WalletConnectPairing
    - WalletConnectSwiftV2/WalletConnectVerify
  - WalletConnectSwiftV2/WalletConnectSigner (1.9.1):
    - WalletConnectSwiftV2/WalletConnectNetworking
  - WalletConnectSwiftV2/WalletConnectUtils (1.9.1):
    - WalletConnectSwiftV2/JSONRPC
  - WalletConnectSwiftV2/WalletConnectVerify (1.9.1):
    - WalletConnectSwiftV2/WalletConnectNetworking
    - WalletConnectSwiftV2/WalletConnectUtils
  - Yoga (1.14.0)

DEPENDENCIES:
  - AuthCoreAdapter (= 1.3.4)
  - boost (from `../node_modules/react-native/third-party-podspecs/boost.podspec`)
  - ConnectCommon (= 0.2.15)
  - ConnectEVMAdapter (= 0.2.15)
  - ConnectPhantomAdapter (= 0.2.15)
  - ConnectSolanaAdapter (= 0.2.15)
  - ConnectWalletConnectAdapter (= 0.2.15)
  - DoubleConversion (from `../node_modules/react-native/third-party-podspecs/DoubleConversion.podspec`)
  - FBLazyVector (from `../node_modules/react-native/Libraries/FBLazyVector`)
  - FBReactNativeSpec (from `../node_modules/react-native/React/FBReactNativeSpec`)
  - glog (from `../node_modules/react-native/third-party-podspecs/glog.podspec`)
  - ParticleAA (= 1.3.9)
  - ParticleAuthAdapter (= 0.2.15)
  - ParticleAuthCore (= 1.3.4)
  - ParticleAuthService (= 1.3.9)
  - ParticleConnect (= 0.2.15)
  - ParticleMPCCore (= 1.3.4)
  - ParticleNetworkBase (= 1.3.9)
  - ParticleWalletAPI (= 1.3.9)
  - ParticleWalletConnect (= 1.3.9)
  - ParticleWalletGUI (= 1.3.9)
  - RCT-Folly (from `../node_modules/react-native/third-party-podspecs/RCT-Folly.podspec`)
  - RCTRequired (from `../node_modules/react-native/Libraries/RCTRequired`)
  - RCTTypeSafety (from `../node_modules/react-native/Libraries/TypeSafety`)
  - React (from `../node_modules/react-native/`)
  - React-callinvoker (from `../node_modules/react-native/ReactCommon/callinvoker`)
  - React-Codegen (from `build/generated/ios`)
  - React-Core (from `../node_modules/react-native/`)
  - React-Core/RCTWebSocket (from `../node_modules/react-native/`)
  - React-CoreModules (from `../node_modules/react-native/React/CoreModules`)
  - React-cxxreact (from `../node_modules/react-native/ReactCommon/cxxreact`)
  - React-debug (from `../node_modules/react-native/ReactCommon/react/debug`)
  - React-jsc (from `../node_modules/react-native/ReactCommon/jsc`)
  - React-jsi (from `../node_modules/react-native/ReactCommon/jsi`)
  - React-jsiexecutor (from `../node_modules/react-native/ReactCommon/jsiexecutor`)
  - React-jsinspector (from `../node_modules/react-native/ReactCommon/jsinspector`)
  - React-logger (from `../node_modules/react-native/ReactCommon/logger`)
  - "react-native-particle-auth (from `../node_modules/@particle-network/rn-auth`)"
  - "react-native-particle-auth-core (from `../node_modules/@particle-network/rn-auth-core`)"
  - "react-native-particle-connect (from `../node_modules/@particle-network/rn-connect`)"
  - "react-native-particle-wallet (from `../node_modules/@particle-network/rn-wallet`)"
  - react-native-safe-area-context (from `../node_modules/react-native-safe-area-context`)
  - React-NativeModulesApple (from `../node_modules/react-native/ReactCommon/react/nativemodule/core/platform/ios`)
  - React-perflogger (from `../node_modules/react-native/ReactCommon/reactperflogger`)
  - React-RCTActionSheet (from `../node_modules/react-native/Libraries/ActionSheetIOS`)
  - React-RCTAnimation (from `../node_modules/react-native/Libraries/NativeAnimation`)
  - React-RCTAppDelegate (from `../node_modules/react-native/Libraries/AppDelegate`)
  - React-RCTBlob (from `../node_modules/react-native/Libraries/Blob`)
  - React-RCTImage (from `../node_modules/react-native/Libraries/Image`)
  - React-RCTLinking (from `../node_modules/react-native/Libraries/LinkingIOS`)
  - React-RCTNetwork (from `../node_modules/react-native/Libraries/Network`)
  - React-RCTSettings (from `../node_modules/react-native/Libraries/Settings`)
  - React-RCTText (from `../node_modules/react-native/Libraries/Text`)
  - React-RCTVibration (from `../node_modules/react-native/Libraries/Vibration`)
  - React-rncore (from `../node_modules/react-native/ReactCommon`)
  - React-runtimeexecutor (from `../node_modules/react-native/ReactCommon/runtimeexecutor`)
  - React-runtimescheduler (from `../node_modules/react-native/ReactCommon/react/renderer/runtimescheduler`)
  - React-utils (from `../node_modules/react-native/ReactCommon/react/utils`)
  - ReactCommon/turbomodule/core (from `../node_modules/react-native/ReactCommon`)
  - RNScreens (from `../node_modules/react-native-screens`)
  - SkeletonView (from `https://github.com/SunZhiC/SkeletonView.git`, branch `main`)
  - Thresh (= 1.3.4)
  - Yoga (from `../node_modules/react-native/ReactCommon/yoga`)

SPEC REPOS:
  https://github.com/CocoaPods/Specs.git:
    - Alamofire
    - AuthCoreAdapter
    - AWSCore
    - AWSKMS
    - Base58.swift
    - BigInt
    - ConnectCommon
    - ConnectEVMAdapter
    - ConnectPhantomAdapter
    - ConnectSolanaAdapter
    - ConnectWalletConnectAdapter
    - CryptoSwift
    - GLTFSceneKit
    - GRDB.swift
    - JXPagingView
    - JXSegmentedView
    - libwebp
    - MJRefresh
    - ParticleAA
    - ParticleAuthAdapter
    - ParticleAuthCore
    - ParticleAuthService
    - ParticleConnect
    - ParticleMPCCore
    - ParticleNetworkBase
    - ParticleWalletAPI
    - ParticleWalletConnect
    - ParticleWalletGUI
    - RxAlamofire
    - RxCocoa
    - RxRelay
    - RxSwift
    - SDWebImage
    - SDWebImageSwiftUI
    - SDWebImageWebPCoder
    - secp256k1.swift
    - SnapKit
    - Starscream
    - SwiftMessages
    - SwiftyJSON
    - SwiftyUserDefaults
    - Then
    - Thresh
    - TweetNacl
    - WalletConnectSwiftV2
  trunk:
    - fmt
    - SocketRocket

EXTERNAL SOURCES:
  boost:
    :podspec: "../node_modules/react-native/third-party-podspecs/boost.podspec"
  DoubleConversion:
    :podspec: "../node_modules/react-native/third-party-podspecs/DoubleConversion.podspec"
  FBLazyVector:
    :path: "../node_modules/react-native/Libraries/FBLazyVector"
  FBReactNativeSpec:
    :path: "../node_modules/react-native/React/FBReactNativeSpec"
  glog:
    :podspec: "../node_modules/react-native/third-party-podspecs/glog.podspec"
  RCT-Folly:
    :podspec: "../node_modules/react-native/third-party-podspecs/RCT-Folly.podspec"
  RCTRequired:
    :path: "../node_modules/react-native/Libraries/RCTRequired"
  RCTTypeSafety:
    :path: "../node_modules/react-native/Libraries/TypeSafety"
  React:
    :path: "../node_modules/react-native/"
  React-callinvoker:
    :path: "../node_modules/react-native/ReactCommon/callinvoker"
  React-Codegen:
    :path: build/generated/ios
  React-Core:
    :path: "../node_modules/react-native/"
  React-CoreModules:
    :path: "../node_modules/react-native/React/CoreModules"
  React-cxxreact:
    :path: "../node_modules/react-native/ReactCommon/cxxreact"
  React-debug:
    :path: "../node_modules/react-native/ReactCommon/react/debug"
  React-jsc:
    :path: "../node_modules/react-native/ReactCommon/jsc"
  React-jsi:
    :path: "../node_modules/react-native/ReactCommon/jsi"
  React-jsiexecutor:
    :path: "../node_modules/react-native/ReactCommon/jsiexecutor"
  React-jsinspector:
    :path: "../node_modules/react-native/ReactCommon/jsinspector"
  React-logger:
    :path: "../node_modules/react-native/ReactCommon/logger"
  react-native-particle-auth:
    :path: "../node_modules/@particle-network/rn-auth"
  react-native-particle-auth-core:
    :path: "../node_modules/@particle-network/rn-auth-core"
  react-native-particle-connect:
    :path: "../node_modules/@particle-network/rn-connect"
  react-native-particle-wallet:
    :path: "../node_modules/@particle-network/rn-wallet"
  react-native-safe-area-context:
    :path: "../node_modules/react-native-safe-area-context"
  React-NativeModulesApple:
    :path: "../node_modules/react-native/ReactCommon/react/nativemodule/core/platform/ios"
  React-perflogger:
    :path: "../node_modules/react-native/ReactCommon/reactperflogger"
  React-RCTActionSheet:
    :path: "../node_modules/react-native/Libraries/ActionSheetIOS"
  React-RCTAnimation:
    :path: "../node_modules/react-native/Libraries/NativeAnimation"
  React-RCTAppDelegate:
    :path: "../node_modules/react-native/Libraries/AppDelegate"
  React-RCTBlob:
    :path: "../node_modules/react-native/Libraries/Blob"
  React-RCTImage:
    :path: "../node_modules/react-native/Libraries/Image"
  React-RCTLinking:
    :path: "../node_modules/react-native/Libraries/LinkingIOS"
  React-RCTNetwork:
    :path: "../node_modules/react-native/Libraries/Network"
  React-RCTSettings:
    :path: "../node_modules/react-native/Libraries/Settings"
  React-RCTText:
    :path: "../node_modules/react-native/Libraries/Text"
  React-RCTVibration:
    :path: "../node_modules/react-native/Libraries/Vibration"
  React-rncore:
    :path: "../node_modules/react-native/ReactCommon"
  React-runtimeexecutor:
    :path: "../node_modules/react-native/ReactCommon/runtimeexecutor"
  React-runtimescheduler:
    :path: "../node_modules/react-native/ReactCommon/react/renderer/runtimescheduler"
  React-utils:
    :path: "../node_modules/react-native/ReactCommon/react/utils"
  ReactCommon:
    :path: "../node_modules/react-native/ReactCommon"
  RNScreens:
    :path: "../node_modules/react-native-screens"
  SkeletonView:
    :branch: main
    :git: https://github.com/SunZhiC/SkeletonView.git
  Yoga:
    :path: "../node_modules/react-native/ReactCommon/yoga"

CHECKOUT OPTIONS:
  SkeletonView:
    :commit: 09431e290ea7f3f81cbb69ce979c7d8a02a4af99
    :git: https://github.com/SunZhiC/SkeletonView.git

SPEC CHECKSUMS:
  Alamofire: 3ca42e259043ee0dc5c0cdd76c4bc568b8e42af7
  AuthCoreAdapter: f73f3f2e2ec9e1656771d1c7703f96e47cb8d8f0
  AWSCore: dfd3136979a57bba64f4771db2e59ed97adb0d3c
  AWSKMS: f59286b9dab13d8e2047049195b80cd512d0f47a
  Base58.swift: e0e16655f9db843b8cd367593ed6f7d90d136b7f
  BigInt: f668a80089607f521586bbe29513d708491ef2f7
  boost: 57d2868c099736d80fcd648bf211b4431e51a558
  ConnectCommon: 3a2732d655dc9f066d404bcb52f04fa444136933
  ConnectEVMAdapter: 5dca681c3f9a8f469407e75936808c64eaff7607
  ConnectPhantomAdapter: b1431d0186d76dd6186d13d3d51c4605ffb6947a
  ConnectSolanaAdapter: aa77108479aa4455a32fc7903c40afbf26a63aca
  ConnectWalletConnectAdapter: ad3c9afdfe0751c804833c8192686de8e8b2d334
  CryptoSwift: 52aaf3fce7337552863b1d952e408085f0e65030
  DoubleConversion: 5189b271737e1565bdce30deb4a08d647e3f5f54
  FBLazyVector: 4cce221dd782d3ff7c4172167bba09d58af67ccb
  FBReactNativeSpec: c6bd9e179757b3c0ecf815864fae8032377903ef
  fmt: ff9d55029c625d3757ed641535fd4a75fedc7ce9
  glog: 04b94705f318337d7ead9e6d17c019bd9b1f6b1b
  GLTFSceneKit: d1b437c514ba2aed5555afb0fddd64e030612d57
  GRDB.swift: 7985834461bca2a3eaed615887daadf3864c779b
  JXPagingView: 90924b364a2ff7e94db534fad1fa50925ff69ee4
  JXSegmentedView: fec0d335355b6e019c494fe2e030bde8a36d2df6
  libwebp: 1786c9f4ff8a279e4dac1e8f385004d5fc253009
  MJRefresh: 2fe7fb43a5167ceda20bb7e63f130c04fd1814a5
  ParticleAA: fb608dcdfb1aabf5ff65d3ff1ae5750054f52fb3
  ParticleAuthAdapter: 319c1264792481fcc97844f07fc0264ad9713010
  ParticleAuthCore: 76f7bd577266549b81fc67cfa659109a0d085a26
  ParticleAuthService: d4334014f930c1f11203691889bbaf63132daaa9
  ParticleConnect: 107ed5e828695c02736ad5a299f367394dced988
  ParticleMPCCore: 258d31b9c41c1511c572b9a75a134fe983d6c796
  ParticleNetworkBase: 83698ab6c04fe1dc2bfa370388d9123f37cf8130
  ParticleWalletAPI: e9aad1d4b1bfb8fadbdea27496e561f4e179a4b9
  ParticleWalletConnect: a7ab7039f9f65dba44a984385c0405d282dcf20d
  ParticleWalletGUI: db014e4bd73efedd9f09922feec337b16757ab90
  RCT-Folly: 424b8c9a7a0b9ab2886ffe9c3b041ef628fd4fb1
  RCTRequired: a2faf4bad4e438ca37b2040cb8f7799baa065c18
  RCTTypeSafety: cb09f3e4747b6d18331a15eb05271de7441ca0b3
  React: 13109005b5353095c052f26af37413340ccf7a5d
  React-callinvoker: c8c87bce983aa499c13cb06d4447c025a35274d6
  React-Codegen: 487d19287ca2be1fc3d2422fe9a5ad3b1951c543
  React-Core: 8293312ad137ea82fd2c29deb163dbc24aa4e00e
  React-CoreModules: 32fab1d62416849a3b6dac6feff9d54e5ddc2d1e
  React-cxxreact: 55d0f7cb6b4cc09ba9190797f1da87182d1a2fb6
  React-debug: be0bc21f558c51461c435065a6d849d3420cdfc5
  React-jsc: 0db8e8cc2074d979c37ffa7b8d7c914833960497
  React-jsi: 58677ff4848ceb6aeb9118fe03448a843ea5e16a
  React-jsiexecutor: 2c15ba1bace70177492368d5180b564f165870fd
  React-jsinspector: b511447170f561157547bc0bef3f169663860be7
  React-logger: c5b527272d5f22eaa09bb3c3a690fee8f237ae95
  react-native-particle-auth: 0752621e70e9ce2dabd75b1402322940b8014972
  react-native-particle-auth-core: e66e67cea4728223c0e7d9b79cd7b3916b3f68ba
  react-native-particle-connect: 147742f2caf37f55d9c1c390d664d4f596e6dad1
  react-native-particle-wallet: ebf6b1c90543e877a811a614a66e1a3b51c841ce
  react-native-safe-area-context: 9697629f7b2cda43cf52169bb7e0767d330648c2
  React-NativeModulesApple: e851e46b26e6cfedd9f1fa92b4d6a4ad96329ffb
  React-perflogger: 6bd153e776e6beed54c56b0847e1220a3ff92ba5
  React-RCTActionSheet: c0b62af44e610e69d9a2049a682f5dba4e9dff17
  React-RCTAnimation: fe7005136b58f58871cab2f70732343b6e330d30
  React-RCTAppDelegate: 91d492d0bbc6b689d3ff2aa65f4dc3b429285ea2
  React-RCTBlob: 1800e20816a61e86bd64f623c7f40a3fb56ca48f
  React-RCTImage: f80d68a674b84db1322bbe287d82501fcd7b28b1
  React-RCTLinking: a3cf63eb18070cfa90499ee9cbbc88ad33338b3d
  React-RCTNetwork: abde2f1c54ad9b42824685a8b2c854a25274d719
  React-RCTSettings: 6cb55e98d630e3594482b5a790c7655eddd805bd
  React-RCTText: 19425aea9d8b6ccae55a27916355b17ab577e56e
  React-RCTVibration: ea3a68a49873a54ced927c90923fc6932baf344a
  React-rncore: 9672a017af4a7da7495d911f0b690cbcae9dd18d
  React-runtimeexecutor: 369ae9bb3f83b65201c0c8f7d50b72280b5a1dbc
  React-runtimescheduler: 4304538c9be228e620fc7a82063528c8659907b2
  React-utils: 19fe340a5a5f16e6c0e24fae43a4a57795c35658
  ReactCommon: 3b805878eb1ba7a2d0f246a0d5cb5d43fbb420ea
  RNScreens: 6a8a3c6b808aa48dca1780df7b73ea524f602c63
  RxAlamofire: beb75a1c452d0de225651db4903f5d29d034a620
  RxCocoa: 44a80de90e25b739b5aeaae3c8c371a32e3343cc
  RxRelay: 45eaa5db8ee4fb50e5ebd57deec0159e97fa51e6
  RxSwift: a4b44f7d24599f674deebd1818eab82e58410632
  SDWebImage: a81bbb3ba4ea5f810f4069c68727cb118467a04a
  SDWebImageSwiftUI: 3a8448b76833ed0e954a651be6c6f45faceed29d
  SDWebImageWebPCoder: 633b813fca24f1de5e076bcd7f720c038b23892b
  secp256k1.swift: a7e7a214f6db6ce5db32cc6b2b45e5c4dd633634
  SkeletonView: 5a050f6411e697abd4cda0a8d767013399dccd69
  SnapKit: e01d52ebb8ddbc333eefe2132acf85c8227d9c25
  SocketRocket: f32cd54efbe0f095c4d7594881e52619cfe80b17
  Starscream: 4bb2f9942274833f7b4d296a55504dcfc7edb7b0
  SwiftMessages: 1a23aef303fa7bb26ad802880746cf8358e378fe
  SwiftyJSON: 2f33a42c6fbc52764d96f13368585094bfd8aa5e
  SwiftyUserDefaults: 63f80248cf5bfb3458825d9a78f2eb7e1293a040
  Then: 844265ae87834bbe1147d91d5d41a404da2ec27d
  Thresh: dd7c6a52b438a2431831bddfb6f7ea6305d8828f
  TweetNacl: 3abf4d1d2082b0114e7a67410e300892448951e6
  WalletConnectSwiftV2: 11a9110e95715d3cb11342f493bf17d12088939f
  Yoga: 8796b55dba14d7004f980b54bcc9833ee45b28ce

PODFILE CHECKSUM: 7bc9e574ca1328551a460b266ff55d04fb43f5de

COCOAPODS: 1.14.3
