PODS:
  - Alamofire (5.9.0)
  - AuthCoreAdapter (1.3.10):
    - ConnectCommon
    - ParticleAuthCore
  - AWSCore (2.34.2)
  - AWSKMS (2.34.2):
    - AWSCore (= 2.34.2)
  - Base58.swift (1.0.2):
    - BigInt
  - BigInt (5.2.0)
  - boost (1.76.0)
  - ConnectCommon (0.2.18):
    - BigInt (~> 5.2.0)
    - ParticleNetworkBase
    - RxAlamofire (~> 6.1.1)
    - secp256k1.swift (~> 0.1)
    - SwiftyJSON (~> 5.0)
    - TweetNacl
  - ConnectEVMAdapter (0.2.18):
    - BigInt (~> 5.2.0)
    - ConnectCommon
    - CryptoSwift
    - RxAlamofire (~> 6.1.1)
    - SwiftyUserDefaults (~> 5.3.0)
  - ConnectPhantomAdapter (0.2.18):
    - ConnectCommon
    - RxAlamofire (~> 6.1.1)
    - SwiftyJSON (~> 5.0)
    - SwiftyUserDefaults (~> 5.3.0)
    - TweetNacl
  - ConnectSolanaAdapter (0.2.18):
    - ConnectCommon
    - RxAlamofire (~> 6.1.1)
    - secp256k1.swift (~> 0.1)
    - SwiftyUserDefaults (~> 5.3.0)
    - TweetNacl
  - ConnectWalletConnectAdapter (0.2.18):
    - ConnectCommon
    - SDWebImage
    - SDWebImageWebPCoder
    - SnapKit
    - Starscream (= 3.1.1)
    - SwiftMessages
    - WalletConnectSwiftV2 (= 1.9.9)
  - CryptoSwift (1.8.1)
  - DoubleConversion (1.1.6)
  - FBLazyVector (0.70.14)
  - FBReactNativeSpec (0.70.14):
    - RCT-Folly (= 2021.07.22.00)
    - RCTRequired (= 0.70.14)
    - RCTTypeSafety (= 0.70.14)
    - React-Core (= 0.70.14)
    - React-jsi (= 0.70.14)
    - ReactCommon/turbomodule/core (= 0.70.14)
  - fmt (6.2.1)
  - glog (0.3.5)
  - libwebp (1.3.2):
    - libwebp/demux (= 1.3.2)
    - libwebp/mux (= 1.3.2)
    - libwebp/sharpyuv (= 1.3.2)
    - libwebp/webp (= 1.3.2)
  - libwebp/demux (1.3.2):
    - libwebp/webp
  - libwebp/mux (1.3.2):
    - libwebp/demux
  - libwebp/sharpyuv (1.3.2)
  - libwebp/webp (1.3.2):
    - libwebp/sharpyuv
  - ParticleAA (1.3.21):
    - ParticleNetworkBase
  - ParticleAuthAdapter (0.2.18):
    - ConnectCommon
    - ParticleAuthService
  - ParticleAuthCore (1.3.10):
    - AWSKMS
    - ParticleMPCCore
    - ParticleNetworkBase
    - SDWebImage
    - SDWebImageWebPCoder
    - SkeletonView
    - SnapKit
    - SwiftMessages
    - Then
  - ParticleAuthService (1.3.21):
    - CryptoSwift
    - ParticleNetworkBase
    - RxAlamofire (~> 6.1.1)
    - RxCocoa (= 6.6.0)
    - RxSwift (= 6.6.0)
    - SwiftyJSON (~> 5.0)
    - SwiftyUserDefaults (~> 5.3.0)
  - ParticleConnect (0.2.18):
    - ConnectCommon
  - ParticleMPCCore (1.3.10):
    - Base58.swift
    - CryptoSwift
    - SwiftyJSON (~> 5.0)
    - Thresh
  - ParticleNetworkBase (1.3.21):
    - Base58.swift
    - BigInt (~> 5.2.0)
    - CryptoSwift
    - RxAlamofire (~> 6.1.1)
    - RxCocoa (= 6.6.0)
    - RxSwift (= 6.6.0)
    - SwiftyJSON (~> 5.0)
    - SwiftyUserDefaults (~> 5.3.0)
  - RCT-Folly (2021.07.22.00):
    - boost
    - DoubleConversion
    - fmt (~> 6.2.1)
    - glog
    - RCT-Folly/Default (= 2021.07.22.00)
  - RCT-Folly/Default (2021.07.22.00):
    - boost
    - DoubleConversion
    - fmt (~> 6.2.1)
    - glog
  - RCTRequired (0.70.14)
  - RCTTypeSafety (0.70.14):
    - FBLazyVector (= 0.70.14)
    - RCTRequired (= 0.70.14)
    - React-Core (= 0.70.14)
  - React (0.70.14):
    - React-Core (= 0.70.14)
    - React-Core/DevSupport (= 0.70.14)
    - React-Core/RCTWebSocket (= 0.70.14)
    - React-RCTActionSheet (= 0.70.14)
    - React-RCTAnimation (= 0.70.14)
    - React-RCTBlob (= 0.70.14)
    - React-RCTImage (= 0.70.14)
    - React-RCTLinking (= 0.70.14)
    - React-RCTNetwork (= 0.70.14)
    - React-RCTSettings (= 0.70.14)
    - React-RCTText (= 0.70.14)
    - React-RCTVibration (= 0.70.14)
  - React-bridging (0.70.14):
    - RCT-Folly (= 2021.07.22.00)
    - React-jsi (= 0.70.14)
  - React-callinvoker (0.70.14)
  - React-Codegen (0.70.14):
    - FBReactNativeSpec (= 0.70.14)
    - RCT-Folly (= 2021.07.22.00)
    - RCTRequired (= 0.70.14)
    - RCTTypeSafety (= 0.70.14)
    - React-Core (= 0.70.14)
    - React-jsi (= 0.70.14)
    - React-jsiexecutor (= 0.70.14)
    - ReactCommon/turbomodule/core (= 0.70.14)
  - React-Core (0.70.14):
    - glog
    - RCT-Folly (= 2021.07.22.00)
    - React-Core/Default (= 0.70.14)
    - React-cxxreact (= 0.70.14)
    - React-jsi (= 0.70.14)
    - React-jsiexecutor (= 0.70.14)
    - React-perflogger (= 0.70.14)
    - Yoga
  - React-Core/CoreModulesHeaders (0.70.14):
    - glog
    - RCT-Folly (= 2021.07.22.00)
    - React-Core/Default
    - React-cxxreact (= 0.70.14)
    - React-jsi (= 0.70.14)
    - React-jsiexecutor (= 0.70.14)
    - React-perflogger (= 0.70.14)
    - Yoga
  - React-Core/Default (0.70.14):
    - glog
    - RCT-Folly (= 2021.07.22.00)
    - React-cxxreact (= 0.70.14)
    - React-jsi (= 0.70.14)
    - React-jsiexecutor (= 0.70.14)
    - React-perflogger (= 0.70.14)
    - Yoga
  - React-Core/DevSupport (0.70.14):
    - glog
    - RCT-Folly (= 2021.07.22.00)
    - React-Core/Default (= 0.70.14)
    - React-Core/RCTWebSocket (= 0.70.14)
    - React-cxxreact (= 0.70.14)
    - React-jsi (= 0.70.14)
    - React-jsiexecutor (= 0.70.14)
    - React-jsinspector (= 0.70.14)
    - React-perflogger (= 0.70.14)
    - Yoga
  - React-Core/RCTActionSheetHeaders (0.70.14):
    - glog
    - RCT-Folly (= 2021.07.22.00)
    - React-Core/Default
    - React-cxxreact (= 0.70.14)
    - React-jsi (= 0.70.14)
    - React-jsiexecutor (= 0.70.14)
    - React-perflogger (= 0.70.14)
    - Yoga
  - React-Core/RCTAnimationHeaders (0.70.14):
    - glog
    - RCT-Folly (= 2021.07.22.00)
    - React-Core/Default
    - React-cxxreact (= 0.70.14)
    - React-jsi (= 0.70.14)
    - React-jsiexecutor (= 0.70.14)
    - React-perflogger (= 0.70.14)
    - Yoga
  - React-Core/RCTBlobHeaders (0.70.14):
    - glog
    - RCT-Folly (= 2021.07.22.00)
    - React-Core/Default
    - React-cxxreact (= 0.70.14)
    - React-jsi (= 0.70.14)
    - React-jsiexecutor (= 0.70.14)
    - React-perflogger (= 0.70.14)
    - Yoga
  - React-Core/RCTImageHeaders (0.70.14):
    - glog
    - RCT-Folly (= 2021.07.22.00)
    - React-Core/Default
    - React-cxxreact (= 0.70.14)
    - React-jsi (= 0.70.14)
    - React-jsiexecutor (= 0.70.14)
    - React-perflogger (= 0.70.14)
    - Yoga
  - React-Core/RCTLinkingHeaders (0.70.14):
    - glog
    - RCT-Folly (= 2021.07.22.00)
    - React-Core/Default
    - React-cxxreact (= 0.70.14)
    - React-jsi (= 0.70.14)
    - React-jsiexecutor (= 0.70.14)
    - React-perflogger (= 0.70.14)
    - Yoga
  - React-Core/RCTNetworkHeaders (0.70.14):
    - glog
    - RCT-Folly (= 2021.07.22.00)
    - React-Core/Default
    - React-cxxreact (= 0.70.14)
    - React-jsi (= 0.70.14)
    - React-jsiexecutor (= 0.70.14)
    - React-perflogger (= 0.70.14)
    - Yoga
  - React-Core/RCTSettingsHeaders (0.70.14):
    - glog
    - RCT-Folly (= 2021.07.22.00)
    - React-Core/Default
    - React-cxxreact (= 0.70.14)
    - React-jsi (= 0.70.14)
    - React-jsiexecutor (= 0.70.14)
    - React-perflogger (= 0.70.14)
    - Yoga
  - React-Core/RCTTextHeaders (0.70.14):
    - glog
    - RCT-Folly (= 2021.07.22.00)
    - React-Core/Default
    - React-cxxreact (= 0.70.14)
    - React-jsi (= 0.70.14)
    - React-jsiexecutor (= 0.70.14)
    - React-perflogger (= 0.70.14)
    - Yoga
  - React-Core/RCTVibrationHeaders (0.70.14):
    - glog
    - RCT-Folly (= 2021.07.22.00)
    - React-Core/Default
    - React-cxxreact (= 0.70.14)
    - React-jsi (= 0.70.14)
    - React-jsiexecutor (= 0.70.14)
    - React-perflogger (= 0.70.14)
    - Yoga
  - React-Core/RCTWebSocket (0.70.14):
    - glog
    - RCT-Folly (= 2021.07.22.00)
    - React-Core/Default (= 0.70.14)
    - React-cxxreact (= 0.70.14)
    - React-jsi (= 0.70.14)
    - React-jsiexecutor (= 0.70.14)
    - React-perflogger (= 0.70.14)
    - Yoga
  - React-CoreModules (0.70.14):
    - RCT-Folly (= 2021.07.22.00)
    - RCTTypeSafety (= 0.70.14)
    - React-Codegen (= 0.70.14)
    - React-Core/CoreModulesHeaders (= 0.70.14)
    - React-jsi (= 0.70.14)
    - React-RCTImage (= 0.70.14)
    - ReactCommon/turbomodule/core (= 0.70.14)
  - React-cxxreact (0.70.14):
    - boost (= 1.76.0)
    - DoubleConversion
    - glog
    - RCT-Folly (= 2021.07.22.00)
    - React-callinvoker (= 0.70.14)
    - React-jsi (= 0.70.14)
    - React-jsinspector (= 0.70.14)
    - React-logger (= 0.70.14)
    - React-perflogger (= 0.70.14)
    - React-runtimeexecutor (= 0.70.14)
  - React-jsi (0.70.14):
    - boost (= 1.76.0)
    - DoubleConversion
    - glog
    - RCT-Folly (= 2021.07.22.00)
    - React-jsi/Default (= 0.70.14)
  - React-jsi/Default (0.70.14):
    - boost (= 1.76.0)
    - DoubleConversion
    - glog
    - RCT-Folly (= 2021.07.22.00)
  - React-jsiexecutor (0.70.14):
    - DoubleConversion
    - glog
    - RCT-Folly (= 2021.07.22.00)
    - React-cxxreact (= 0.70.14)
    - React-jsi (= 0.70.14)
    - React-perflogger (= 0.70.14)
  - React-jsinspector (0.70.14)
  - React-logger (0.70.14):
    - glog
  - react-native-particle-aa (1.3.10):
    - ParticleAA
    - React-Core
  - react-native-particle-auth (1.3.10):
    - ParticleAuthService
    - ParticleNetworkBase
    - React-Core
  - react-native-particle-auth-core (1.3.10):
    - AuthCoreAdapter
    - ParticleAuthCore
    - ParticleMPCCore
    - React-Core
    - Thresh
  - react-native-particle-connect (1.3.10):
    - ConnectCommon
    - ConnectEVMAdapter
    - ConnectPhantomAdapter
    - ConnectSolanaAdapter
    - ConnectWalletConnectAdapter
    - ParticleAuthAdapter
    - ParticleConnect
    - React-Core
  - react-native-safe-area-context (4.3.1):
    - RCT-Folly
    - RCTRequired
    - RCTTypeSafety
    - React
    - ReactCommon/turbomodule/core
  - React-perflogger (0.70.14)
  - React-RCTActionSheet (0.70.14):
    - React-Core/RCTActionSheetHeaders (= 0.70.14)
  - React-RCTAnimation (0.70.14):
    - RCT-Folly (= 2021.07.22.00)
    - RCTTypeSafety (= 0.70.14)
    - React-Codegen (= 0.70.14)
    - React-Core/RCTAnimationHeaders (= 0.70.14)
    - React-jsi (= 0.70.14)
    - ReactCommon/turbomodule/core (= 0.70.14)
  - React-RCTBlob (0.70.14):
    - RCT-Folly (= 2021.07.22.00)
    - React-Codegen (= 0.70.14)
    - React-Core/RCTBlobHeaders (= 0.70.14)
    - React-Core/RCTWebSocket (= 0.70.14)
    - React-jsi (= 0.70.14)
    - React-RCTNetwork (= 0.70.14)
    - ReactCommon/turbomodule/core (= 0.70.14)
  - React-RCTImage (0.70.14):
    - RCT-Folly (= 2021.07.22.00)
    - RCTTypeSafety (= 0.70.14)
    - React-Codegen (= 0.70.14)
    - React-Core/RCTImageHeaders (= 0.70.14)
    - React-jsi (= 0.70.14)
    - React-RCTNetwork (= 0.70.14)
    - ReactCommon/turbomodule/core (= 0.70.14)
  - React-RCTLinking (0.70.14):
    - React-Codegen (= 0.70.14)
    - React-Core/RCTLinkingHeaders (= 0.70.14)
    - React-jsi (= 0.70.14)
    - ReactCommon/turbomodule/core (= 0.70.14)
  - React-RCTNetwork (0.70.14):
    - RCT-Folly (= 2021.07.22.00)
    - RCTTypeSafety (= 0.70.14)
    - React-Codegen (= 0.70.14)
    - React-Core/RCTNetworkHeaders (= 0.70.14)
    - React-jsi (= 0.70.14)
    - ReactCommon/turbomodule/core (= 0.70.14)
  - React-RCTSettings (0.70.14):
    - RCT-Folly (= 2021.07.22.00)
    - RCTTypeSafety (= 0.70.14)
    - React-Codegen (= 0.70.14)
    - React-Core/RCTSettingsHeaders (= 0.70.14)
    - React-jsi (= 0.70.14)
    - ReactCommon/turbomodule/core (= 0.70.14)
  - React-RCTText (0.70.14):
    - React-Core/RCTTextHeaders (= 0.70.14)
  - React-RCTVibration (0.70.14):
    - RCT-Folly (= 2021.07.22.00)
    - React-Codegen (= 0.70.14)
    - React-Core/RCTVibrationHeaders (= 0.70.14)
    - React-jsi (= 0.70.14)
    - ReactCommon/turbomodule/core (= 0.70.14)
  - React-runtimeexecutor (0.70.14):
    - React-jsi (= 0.70.14)
  - ReactCommon/turbomodule/core (0.70.14):
    - DoubleConversion
    - glog
    - RCT-Folly (= 2021.07.22.00)
    - React-bridging (= 0.70.14)
    - React-callinvoker (= 0.70.14)
    - React-Core (= 0.70.14)
    - React-cxxreact (= 0.70.14)
    - React-jsi (= 0.70.14)
    - React-logger (= 0.70.14)
    - React-perflogger (= 0.70.14)
  - RNScreens (3.15.0):
    - React-Core
    - React-RCTImage
  - RxAlamofire (6.1.1):
    - RxAlamofire/Core (= 6.1.1)
  - RxAlamofire/Core (6.1.1):
    - Alamofire (~> 5.4)
    - RxSwift (~> 6.0)
  - RxCocoa (6.6.0):
    - RxRelay (= 6.6.0)
    - RxSwift (= 6.6.0)
  - RxRelay (6.6.0):
    - RxSwift (= 6.6.0)
  - RxSwift (6.6.0)
  - SDWebImage (5.19.1):
    - SDWebImage/Core (= 5.19.1)
  - SDWebImage/Core (5.19.1)
  - SDWebImageWebPCoder (0.14.5):
    - libwebp (~> 1.0)
    - SDWebImage/Core (~> 5.17)
  - secp256k1.swift (0.1.4)
  - SkeletonView (1.30.4)
  - SnapKit (5.7.1)
  - Starscream (3.1.1)
  - SwiftMessages (10.0.0):
    - SwiftMessages/App (= 10.0.0)
  - SwiftMessages/App (10.0.0)
  - SwiftyJSON (5.0.1)
  - SwiftyUserDefaults (5.3.0)
  - Then (3.0.0)
  - Thresh (1.3.10)
  - TweetNacl (1.0.2)
  - WalletConnectSwiftV2 (1.9.9):
    - WalletConnectSwiftV2/WalletConnect (= 1.9.9)
  - WalletConnectSwiftV2/Commons (1.9.9)
  - WalletConnectSwiftV2/HTTPClient (1.9.9)
  - WalletConnectSwiftV2/JSONRPC (1.9.9):
    - WalletConnectSwiftV2/Commons
  - WalletConnectSwiftV2/WalletConnect (1.9.9):
    - WalletConnectSwiftV2/WalletConnectAuth
    - WalletConnectSwiftV2/WalletConnectPush
    - WalletConnectSwiftV2/WalletConnectSign
    - WalletConnectSwiftV2/WalletConnectVerify
  - WalletConnectSwiftV2/WalletConnectAuth (1.9.9):
    - WalletConnectSwiftV2/WalletConnectPairing
    - WalletConnectSwiftV2/WalletConnectSigner
    - WalletConnectSwiftV2/WalletConnectVerify
  - WalletConnectSwiftV2/WalletConnectJWT (1.9.9):
    - WalletConnectSwiftV2/WalletConnectKMS
  - WalletConnectSwiftV2/WalletConnectKMS (1.9.9):
    - WalletConnectSwiftV2/WalletConnectUtils
  - WalletConnectSwiftV2/WalletConnectNetworking (1.9.9):
    - WalletConnectSwiftV2/HTTPClient
    - WalletConnectSwiftV2/WalletConnectRelay
  - WalletConnectSwiftV2/WalletConnectPairing (1.9.9):
    - WalletConnectSwiftV2/WalletConnectNetworking
  - WalletConnectSwiftV2/WalletConnectPush (1.9.9):
    - WalletConnectSwiftV2/WalletConnectJWT
    - WalletConnectSwiftV2/WalletConnectNetworking
  - WalletConnectSwiftV2/WalletConnectRelay (1.9.9):
    - WalletConnectSwiftV2/WalletConnectJWT
  - WalletConnectSwiftV2/WalletConnectSign (1.9.9):
    - WalletConnectSwiftV2/WalletConnectPairing
    - WalletConnectSwiftV2/WalletConnectVerify
  - WalletConnectSwiftV2/WalletConnectSigner (1.9.9):
    - WalletConnectSwiftV2/WalletConnectNetworking
  - WalletConnectSwiftV2/WalletConnectUtils (1.9.9):
    - WalletConnectSwiftV2/JSONRPC
  - WalletConnectSwiftV2/WalletConnectVerify (1.9.9):
    - WalletConnectSwiftV2/WalletConnectNetworking
    - WalletConnectSwiftV2/WalletConnectUtils
  - Yoga (1.14.0)

DEPENDENCIES:
  - AuthCoreAdapter (= 1.3.10)
  - boost (from `../node_modules/react-native/third-party-podspecs/boost.podspec`)
  - ConnectCommon (= 0.2.18)
  - ConnectEVMAdapter (= 0.2.18)
  - ConnectPhantomAdapter (= 0.2.18)
  - ConnectSolanaAdapter (= 0.2.18)
  - ConnectWalletConnectAdapter (= 0.2.18)
  - DoubleConversion (from `../node_modules/react-native/third-party-podspecs/DoubleConversion.podspec`)
  - FBLazyVector (from `../node_modules/react-native/Libraries/FBLazyVector`)
  - FBReactNativeSpec (from `../node_modules/react-native/React/FBReactNativeSpec`)
  - glog (from `../node_modules/react-native/third-party-podspecs/glog.podspec`)
  - ParticleAA (= 1.3.21)
  - ParticleAuthAdapter (= 0.2.18)
  - ParticleAuthCore (= 1.3.10)
  - ParticleAuthService (= 1.3.21)
  - ParticleConnect (= 0.2.18)
  - ParticleMPCCore (= 1.3.10)
  - ParticleNetworkBase (= 1.3.21)
  - RCT-Folly (from `../node_modules/react-native/third-party-podspecs/RCT-Folly.podspec`)
  - RCTRequired (from `../node_modules/react-native/Libraries/RCTRequired`)
  - RCTTypeSafety (from `../node_modules/react-native/Libraries/TypeSafety`)
  - React (from `../node_modules/react-native/`)
  - React-bridging (from `../node_modules/react-native/ReactCommon`)
  - React-callinvoker (from `../node_modules/react-native/ReactCommon/callinvoker`)
  - React-Codegen (from `build/generated/ios`)
  - React-Core (from `../node_modules/react-native/`)
  - React-Core/RCTWebSocket (from `../node_modules/react-native/`)
  - React-CoreModules (from `../node_modules/react-native/React/CoreModules`)
  - React-cxxreact (from `../node_modules/react-native/ReactCommon/cxxreact`)
  - React-jsi (from `../node_modules/react-native/ReactCommon/jsi`)
  - React-jsiexecutor (from `../node_modules/react-native/ReactCommon/jsiexecutor`)
  - React-jsinspector (from `../node_modules/react-native/ReactCommon/jsinspector`)
  - React-logger (from `../node_modules/react-native/ReactCommon/logger`)
  - react-native-particle-aa (from `../..`)
  - "react-native-particle-auth (from `../node_modules/@particle-network/rn-auth`)"
  - "react-native-particle-auth-core (from `../node_modules/@particle-network/rn-auth-core`)"
  - "react-native-particle-connect (from `../node_modules/@particle-network/rn-connect`)"
  - react-native-safe-area-context (from `../node_modules/react-native-safe-area-context`)
  - React-perflogger (from `../node_modules/react-native/ReactCommon/reactperflogger`)
  - React-RCTActionSheet (from `../node_modules/react-native/Libraries/ActionSheetIOS`)
  - React-RCTAnimation (from `../node_modules/react-native/Libraries/NativeAnimation`)
  - React-RCTBlob (from `../node_modules/react-native/Libraries/Blob`)
  - React-RCTImage (from `../node_modules/react-native/Libraries/Image`)
  - React-RCTLinking (from `../node_modules/react-native/Libraries/LinkingIOS`)
  - React-RCTNetwork (from `../node_modules/react-native/Libraries/Network`)
  - React-RCTSettings (from `../node_modules/react-native/Libraries/Settings`)
  - React-RCTText (from `../node_modules/react-native/Libraries/Text`)
  - React-RCTVibration (from `../node_modules/react-native/Libraries/Vibration`)
  - React-runtimeexecutor (from `../node_modules/react-native/ReactCommon/runtimeexecutor`)
  - ReactCommon/turbomodule/core (from `../node_modules/react-native/ReactCommon`)
  - RNScreens (from `../node_modules/react-native-screens`)
  - Thresh (= 1.3.10)
  - Yoga (from `../node_modules/react-native/ReactCommon/yoga`)

SPEC REPOS:
  https://github.com/CocoaPods/Specs.git:
    - Alamofire
    - AuthCoreAdapter
    - AWSCore
    - AWSKMS
    - Base58.swift
    - BigInt
    - ConnectCommon
    - ConnectEVMAdapter
    - ConnectPhantomAdapter
    - ConnectSolanaAdapter
    - ConnectWalletConnectAdapter
    - CryptoSwift
    - fmt
    - libwebp
    - ParticleAA
    - ParticleAuthAdapter
    - ParticleAuthCore
    - ParticleAuthService
    - ParticleConnect
    - ParticleMPCCore
    - ParticleNetworkBase
    - RxAlamofire
    - RxCocoa
    - RxRelay
    - RxSwift
    - SDWebImage
    - SDWebImageWebPCoder
    - secp256k1.swift
    - SkeletonView
    - SnapKit
    - Starscream
    - SwiftMessages
    - SwiftyJSON
    - SwiftyUserDefaults
    - Then
    - Thresh
    - TweetNacl
    - WalletConnectSwiftV2

EXTERNAL SOURCES:
  boost:
    :podspec: "../node_modules/react-native/third-party-podspecs/boost.podspec"
  DoubleConversion:
    :podspec: "../node_modules/react-native/third-party-podspecs/DoubleConversion.podspec"
  FBLazyVector:
    :path: "../node_modules/react-native/Libraries/FBLazyVector"
  FBReactNativeSpec:
    :path: "../node_modules/react-native/React/FBReactNativeSpec"
  glog:
    :podspec: "../node_modules/react-native/third-party-podspecs/glog.podspec"
  RCT-Folly:
    :podspec: "../node_modules/react-native/third-party-podspecs/RCT-Folly.podspec"
  RCTRequired:
    :path: "../node_modules/react-native/Libraries/RCTRequired"
  RCTTypeSafety:
    :path: "../node_modules/react-native/Libraries/TypeSafety"
  React:
    :path: "../node_modules/react-native/"
  React-bridging:
    :path: "../node_modules/react-native/ReactCommon"
  React-callinvoker:
    :path: "../node_modules/react-native/ReactCommon/callinvoker"
  React-Codegen:
    :path: build/generated/ios
  React-Core:
    :path: "../node_modules/react-native/"
  React-CoreModules:
    :path: "../node_modules/react-native/React/CoreModules"
  React-cxxreact:
    :path: "../node_modules/react-native/ReactCommon/cxxreact"
  React-jsi:
    :path: "../node_modules/react-native/ReactCommon/jsi"
  React-jsiexecutor:
    :path: "../node_modules/react-native/ReactCommon/jsiexecutor"
  React-jsinspector:
    :path: "../node_modules/react-native/ReactCommon/jsinspector"
  React-logger:
    :path: "../node_modules/react-native/ReactCommon/logger"
  react-native-particle-aa:
    :path: "../.."
  react-native-particle-auth:
    :path: "../node_modules/@particle-network/rn-auth"
  react-native-particle-auth-core:
    :path: "../node_modules/@particle-network/rn-auth-core"
  react-native-particle-connect:
    :path: "../node_modules/@particle-network/rn-connect"
  react-native-safe-area-context:
    :path: "../node_modules/react-native-safe-area-context"
  React-perflogger:
    :path: "../node_modules/react-native/ReactCommon/reactperflogger"
  React-RCTActionSheet:
    :path: "../node_modules/react-native/Libraries/ActionSheetIOS"
  React-RCTAnimation:
    :path: "../node_modules/react-native/Libraries/NativeAnimation"
  React-RCTBlob:
    :path: "../node_modules/react-native/Libraries/Blob"
  React-RCTImage:
    :path: "../node_modules/react-native/Libraries/Image"
  React-RCTLinking:
    :path: "../node_modules/react-native/Libraries/LinkingIOS"
  React-RCTNetwork:
    :path: "../node_modules/react-native/Libraries/Network"
  React-RCTSettings:
    :path: "../node_modules/react-native/Libraries/Settings"
  React-RCTText:
    :path: "../node_modules/react-native/Libraries/Text"
  React-RCTVibration:
    :path: "../node_modules/react-native/Libraries/Vibration"
  React-runtimeexecutor:
    :path: "../node_modules/react-native/ReactCommon/runtimeexecutor"
  ReactCommon:
    :path: "../node_modules/react-native/ReactCommon"
  RNScreens:
    :path: "../node_modules/react-native-screens"
  Yoga:
    :path: "../node_modules/react-native/ReactCommon/yoga"

SPEC CHECKSUMS:
  Alamofire: 02b772c9910e8eba1a079227c32fbd9e46c90a24
  AuthCoreAdapter: 3f23a341519c85bfc48916976580cff927b9a90d
  AWSCore: 13649d9063a6807ec37bde35c8f2da329d63d4e2
  AWSKMS: 311bb0cb71967273de5f4657875b9f2484ec13c2
  Base58.swift: e0e16655f9db843b8cd367593ed6f7d90d136b7f
  BigInt: f668a80089607f521586bbe29513d708491ef2f7
  boost: a7c83b31436843459a1961bfd74b96033dc77234
  ConnectCommon: b611c5e9e91c529295b77719319776f482703aa6
  ConnectEVMAdapter: 11f28870ef1952cb2d8f9bc3f7e9117416015b9b
  ConnectPhantomAdapter: 67bb94f6c14aeedb804657410206f3bdb08d016d
  ConnectSolanaAdapter: 99677a93ebb167c29e992202efd9f76146fc17f3
  ConnectWalletConnectAdapter: ec08ee35155e14d950e9a4f403783c4690697e8e
  CryptoSwift: b9c701d6f5011df23794dbf7f2e480a77835d83d
  DoubleConversion: 5189b271737e1565bdce30deb4a08d647e3f5f54
  FBLazyVector: efad4471d02263013cfcb7a2f75de6ac7565692f
  FBReactNativeSpec: 9cd9542bfdcc64e07bc649f809dd621876f78619
  fmt: ff9d55029c625d3757ed641535fd4a75fedc7ce9
  glog: 04b94705f318337d7ead9e6d17c019bd9b1f6b1b
  libwebp: 1786c9f4ff8a279e4dac1e8f385004d5fc253009
  ParticleAA: eb4ea2894621fe3561a65c7d3bc3b4924b17b170
  ParticleAuthAdapter: 57c52ed175ac6b615f7ed118fc94b0a8e0d941bd
  ParticleAuthCore: 16481226cd196e32881e0da9128e74db492c5bda
  ParticleAuthService: 94f5c2ac66cebef631d0f11fef0fb43c5282edb5
  ParticleConnect: cb407218596673e798a34d5f2532d45f2f645bb7
  ParticleMPCCore: 5ca1389ccfcd4bd2227b90dfc5157c5887119779
  ParticleNetworkBase: 6bc689183c2f33f0d6b87e63467c3313ab6adaf8
  RCT-Folly: 0080d0a6ebf2577475bda044aa59e2ca1f909cda
  RCTRequired: 6f42727926c2ef4836fc23169586f3d8d7f5a6e4
  RCTTypeSafety: de9b538a8f20ae8c780bf38935f37f303b083fc8
  React: 6604c02c25295898e9332c5dbe5d6f140be1e246
  React-bridging: 55de000607b776d7c9b1333f38d1991ef25bf915
  React-callinvoker: aa42aaefd72dbe9218c112fd503eff7ab782bd11
  React-Codegen: 9e13e901ac4d4c46349c2db28b8774fa4274ec18
  React-Core: b046bbaddd981014eaac20cef83de953a0405c1b
  React-CoreModules: 4f0b29e5924b06a868983952265f77fed219f349
  React-cxxreact: 818c9b06607f7972e95eeacb326389429c6a2d38
  React-jsi: 0bf359879bc4c2c908204b1cd789b0a727a7a568
  React-jsiexecutor: 03144eeee729e6a6cb8d7ff2d5653b67315f8f31
  React-jsinspector: 6538dfb58970d1fb9d89c9c34e87713ece6c3cf0
  React-logger: 4e9c3f888b4b5bb72a3ac7f1be7929e776181016
  react-native-particle-aa: 0d9bb2c928df1ef1f46989fcf988b74f4e82d33a
  react-native-particle-auth: ad373211b0cc78da9696617abeed9df77d0ebd39
  react-native-particle-auth-core: 3e9a8744d67c279b342b2edd6e47d06aa5c9b62b
  react-native-particle-connect: 30fa19726b10d08098859dcab323984f5473b212
  react-native-safe-area-context: 6c12e3859b6f27b25de4fee8201cfb858432d8de
  React-perflogger: 74b2d33200b8c26440c2c39b87a4177d8404655f
  React-RCTActionSheet: 3fdf6b3a85f2ea4b365b267efd9c82aaeb20fe33
  React-RCTAnimation: 9659d5ed57ccbd129516486b2cce38e536841337
  React-RCTBlob: 49ac98cfd9476af046814a2c9126fca1bf0cbe75
  React-RCTImage: b4d2d7d14ad9389bd645bc2daa706ccaead3fc44
  React-RCTLinking: ebf051ed2532652e5290e4fb7c017c42e4e1f0d2
  React-RCTNetwork: 1636df1f91d4c5ad8815ef93f695931af1c0a842
  React-RCTSettings: f6306171fd5d3cd8c5fa0b1803da599784ead5c5
  React-RCTText: 53c106b5fb9e263c2f1e5d6b0733049989d6c428
  React-RCTVibration: d293c50100c0927379e6a80fab86a219e08792ae
  React-runtimeexecutor: 0d01d03375f996484fcc231ccca3fe604a4a5652
  ReactCommon: dce64235f8548b6e4758647310145f5356c8d0cb
  RNScreens: 4a1af06327774490d97342c00aee0c2bafb497b7
  RxAlamofire: beb75a1c452d0de225651db4903f5d29d034a620
  RxCocoa: 44a80de90e25b739b5aeaae3c8c371a32e3343cc
  RxRelay: 45eaa5db8ee4fb50e5ebd57deec0159e97fa51e6
  RxSwift: a4b44f7d24599f674deebd1818eab82e58410632
  SDWebImage: 40b0b4053e36c660a764958bff99eed16610acbb
  SDWebImageWebPCoder: c94f09adbca681822edad9e532ac752db713eabf
  secp256k1.swift: a7e7a214f6db6ce5db32cc6b2b45e5c4dd633634
  SkeletonView: 5a050f6411e697abd4cda0a8d767013399dccd69
  SnapKit: d612e99e678a2d3b95bf60b0705ed0a35c03484a
  Starscream: 4bb2f9942274833f7b4d296a55504dcfc7edb7b0
  SwiftMessages: d3540f0f981dfbac25bd2ae9a662effa48f76f92
  SwiftyJSON: 2f33a42c6fbc52764d96f13368585094bfd8aa5e
  SwiftyUserDefaults: 63f80248cf5bfb3458825d9a78f2eb7e1293a040
  Then: 844265ae87834bbe1147d91d5d41a404da2ec27d
  Thresh: 668f2ce00f1bf94d0978795ab3a9ada2357179e7
  TweetNacl: 3abf4d1d2082b0114e7a67410e300892448951e6
  WalletConnectSwiftV2: 7927408d80bff4b00297b8018477a4492c9e52a4
  Yoga: 56413d530d1808044600320ced5baa883acedc44

PODFILE CHECKSUM: 31f70ce1bbf212698b28daa773106559c071f03a

COCOAPODS: 1.15.2
